
Microsoft Visual Studio Solution File, Format Version 12.00
# Visual Studio Version 17
VisualStudioVersion = 17.0.31919.166
MinimumVisualStudioVersion = 10.0.40219.1
Project("{9A19103F-16F7-4668-BE54-9A1E7A4F7556}") = "Domain.Entities", "Domain\Domain.Entities.csproj", "{9AEFEB64-4993-4419-B323-66FD52129B5C}"
EndProject
Project("{9A19103F-16F7-4668-BE54-9A1E7A4F7556}") = "Domain.Services", "Services\Domain.Services.csproj", "{7B26F450-18BC-42C4-96ED-30FCD2506744}"
EndProject
Project("{9A19103F-16F7-4668-BE54-9A1E7A4F7556}") = "Data.Repository", "Repository\Data.Repository.csproj", "{0189E79F-7A4B-4EBC-8FB7-D97B28F15537}"
EndProject
Project("{9A19103F-16F7-4668-BE54-9A1E7A4F7556}") = "Transversal.Utils", "Utils\Transversal.Utils.csproj", "{EC685AF5-470C-4D93-A4E5-7843726535E6}"
EndProject
Project("{9A19103F-16F7-4668-BE54-9A1E7A4F7556}") = "Domain.Interfaces", "Interfaces\Domain.Interfaces.csproj", "{64E38FF2-1AF7-446F-A1C0-76D922E12B9D}"
EndProject
Project("{9A19103F-16F7-4668-BE54-9A1E7A4F7556}") = "Data.DataProviders", "DataProvider\Data.DataProviders.csproj", "{CC1F78CC-CAD7-41AF-A695-2FA4DECCCC30}"
EndProject
Project("{2150E333-8FDC-42A3-9474-1A3956D46DE8}") = "1. Presentation", "1. Presentation", "{978FF8B3-3047-45A7-BDA3-3D90D29EA19D}"
EndProject
Project("{9A19103F-16F7-4668-BE54-9A1E7A4F7556}") = "Presentation.API", "Presentation.API\Presentation.API.csproj", "{E69C0AB3-EF8E-4FC2-BE06-4557D2ACC43C}"
EndProject
Project("{2150E333-8FDC-42A3-9474-1A3956D46DE8}") = "2. Domain", "2. Domain", "{ED7DC247-2254-43F7-BE34-6577E4B14849}"
EndProject
Project("{2150E333-8FDC-42A3-9474-1A3956D46DE8}") = "3. Data", "3. Data", "{D4D513EC-8444-400E-8DD5-21D90F7D507D}"
EndProject
Project("{2150E333-8FDC-42A3-9474-1A3956D46DE8}") = "4. Tranversal", "4. Tranversal", "{4FC8E90D-4D67-4B4F-BA7C-569D8554E916}"
EndProject
Global
	GlobalSection(SolutionConfigurationPlatforms) = preSolution
		Debug|Any CPU = Debug|Any CPU
		Release|Any CPU = Release|Any CPU
	EndGlobalSection
	GlobalSection(ProjectConfigurationPlatforms) = postSolution
		{9AEFEB64-4993-4419-B323-66FD52129B5C}.Debug|Any CPU.ActiveCfg = Debug|Any CPU
		{9AEFEB64-4993-4419-B323-66FD52129B5C}.Debug|Any CPU.Build.0 = Debug|Any CPU
		{9AEFEB64-4993-4419-B323-66FD52129B5C}.Release|Any CPU.ActiveCfg = Release|Any CPU
		{9AEFEB64-4993-4419-B323-66FD52129B5C}.Release|Any CPU.Build.0 = Release|Any CPU
		{7B26F450-18BC-42C4-96ED-30FCD2506744}.Debug|Any CPU.ActiveCfg = Debug|Any CPU
		{7B26F450-18BC-42C4-96ED-30FCD2506744}.Debug|Any CPU.Build.0 = Debug|Any CPU
		{7B26F450-18BC-42C4-96ED-30FCD2506744}.Release|Any CPU.ActiveCfg = Release|Any CPU
		{7B26F450-18BC-42C4-96ED-30FCD2506744}.Release|Any CPU.Build.0 = Release|Any CPU
		{0189E79F-7A4B-4EBC-8FB7-D97B28F15537}.Debug|Any CPU.ActiveCfg = Debug|Any CPU
		{0189E79F-7A4B-4EBC-8FB7-D97B28F15537}.Debug|Any CPU.Build.0 = Debug|Any CPU
		{0189E79F-7A4B-4EBC-8FB7-D97B28F15537}.Release|Any CPU.ActiveCfg = Release|Any CPU
		{0189E79F-7A4B-4EBC-8FB7-D97B28F15537}.Release|Any CPU.Build.0 = Release|Any CPU
		{EC685AF5-470C-4D93-A4E5-7843726535E6}.Debug|Any CPU.ActiveCfg = Debug|Any CPU
		{EC685AF5-470C-4D93-A4E5-7843726535E6}.Debug|Any CPU.Build.0 = Debug|Any CPU
		{EC685AF5-470C-4D93-A4E5-7843726535E6}.Release|Any CPU.ActiveCfg = Release|Any CPU
		{EC685AF5-470C-4D93-A4E5-7843726535E6}.Release|Any CPU.Build.0 = Release|Any CPU
		{64E38FF2-1AF7-446F-A1C0-76D922E12B9D}.Debug|Any CPU.ActiveCfg = Debug|Any CPU
		{64E38FF2-1AF7-446F-A1C0-76D922E12B9D}.Debug|Any CPU.Build.0 = Debug|Any CPU
		{64E38FF2-1AF7-446F-A1C0-76D922E12B9D}.Release|Any CPU.ActiveCfg = Release|Any CPU
		{64E38FF2-1AF7-446F-A1C0-76D922E12B9D}.Release|Any CPU.Build.0 = Release|Any CPU
		{CC1F78CC-CAD7-41AF-A695-2FA4DECCCC30}.Debug|Any CPU.ActiveCfg = Debug|Any CPU
		{CC1F78CC-CAD7-41AF-A695-2FA4DECCCC30}.Debug|Any CPU.Build.0 = Debug|Any CPU
		{CC1F78CC-CAD7-41AF-A695-2FA4DECCCC30}.Release|Any CPU.ActiveCfg = Release|Any CPU
		{CC1F78CC-CAD7-41AF-A695-2FA4DECCCC30}.Release|Any CPU.Build.0 = Release|Any CPU
		{E69C0AB3-EF8E-4FC2-BE06-4557D2ACC43C}.Debug|Any CPU.ActiveCfg = Debug|Any CPU
		{E69C0AB3-EF8E-4FC2-BE06-4557D2ACC43C}.Debug|Any CPU.Build.0 = Debug|Any CPU
		{E69C0AB3-EF8E-4FC2-BE06-4557D2ACC43C}.Release|Any CPU.ActiveCfg = Release|Any CPU
		{E69C0AB3-EF8E-4FC2-BE06-4557D2ACC43C}.Release|Any CPU.Build.0 = Release|Any CPU
	EndGlobalSection
	GlobalSection(SolutionProperties) = preSolution
		HideSolutionNode = FALSE
	EndGlobalSection
	GlobalSection(NestedProjects) = preSolution
		{9AEFEB64-4993-4419-B323-66FD52129B5C} = {ED7DC247-2254-43F7-BE34-6577E4B14849}
		{7B26F450-18BC-42C4-96ED-30FCD2506744} = {ED7DC247-2254-43F7-BE34-6577E4B14849}
		{0189E79F-7A4B-4EBC-8FB7-D97B28F15537} = {D4D513EC-8444-400E-8DD5-21D90F7D507D}
		{EC685AF5-470C-4D93-A4E5-7843726535E6} = {4FC8E90D-4D67-4B4F-BA7C-569D8554E916}
		{64E38FF2-1AF7-446F-A1C0-76D922E12B9D} = {ED7DC247-2254-43F7-BE34-6577E4B14849}
		{CC1F78CC-CAD7-41AF-A695-2FA4DECCCC30} = {D4D513EC-8444-400E-8DD5-21D90F7D507D}
		{E69C0AB3-EF8E-4FC2-BE06-4557D2ACC43C} = {978FF8B3-3047-45A7-BDA3-3D90D29EA19D}
	EndGlobalSection
	GlobalSection(ExtensibilityGlobals) = postSolution
		SolutionGuid = {DBC405A6-B238-48B3-906C-7EC890AD2904}
	EndGlobalSection
EndGlobal
